
Microsoft Visual Studio Solution File, Format Version 12.00
# Visual Studio Version 16
VisualStudioVersion = 16.0.30621.155
MinimumVisualStudioVersion = 10.0.40219.1
Project("{FAE04EC0-301F-11D3-BF4B-00C04F79EFBC}") = "solve", "solve\solve.csproj", "{94164306-E451-4E73-88FD-9980D3AF7802}"
EndProject
Global
	GlobalSection(SolutionConfigurationPlatforms) = preSolution
		Debug|Any CPU = Debug|Any CPU
		Release|Any CPU = Release|Any CPU
	EndGlobalSection
	GlobalSection(ProjectConfigurationPlatforms) = postSolution
		{94164306-E451-4E73-88FD-9980D3AF7802}.Debug|Any CPU.ActiveCfg = Debug|Any CPU
		{94164306-E451-4E73-88FD-9980D3AF7802}.Debug|Any CPU.Build.0 = Debug|Any CPU
		{94164306-E451-4E73-88FD-9980D3AF7802}.Release|Any CPU.ActiveCfg = Release|Any CPU
		{94164306-E451-4E73-88FD-9980D3AF7802}.Release|Any CPU.Build.0 = Release|Any CPU
	EndGlobalSection
	GlobalSection(SolutionProperties) = preSolution
		HideSolutionNode = FALSE
	EndGlobalSection
	GlobalSection(ExtensibilityGlobals) = postSolution
		SolutionGuid = {789477C7-384D-45C4-B716-6505EE4726FD}
	EndGlobalSection
EndGlobal
